
Microsoft Visual Studio Solution File, Format Version 12.00
# Visual Studio Version 17
VisualStudioVersion = 17.4.33213.308
MinimumVisualStudioVersion = 10.0.40219.1
Project("{8BC9CEB8-8B4A-11D0-8D11-00A0C91BC942}") = "Ruc", "vs\Ruc\Ruc.vcxitems", "{C436CFAF-77A1-4C88-BEB1-4B7C0D9E9262}"
EndProject
Project("{8BC9CEB8-8B4A-11D0-8D11-00A0C91BC942}") = "RucExamples", "vs\RucExamples\RucExamples.vcxproj", "{ED3A16D3-3867-4EC3-B2F3-2B7B69472A3E}"
EndProject
Global
	GlobalSection(SolutionConfigurationPlatforms) = preSolution
		Debug|x64 = Debug|x64
		Debug|x86 = Debug|x86
		Release|x64 = Release|x64
		Release|x86 = Release|x86
	EndGlobalSection
	GlobalSection(ProjectConfigurationPlatforms) = postSolution
		{ED3A16D3-3867-4EC3-B2F3-2B7B69472A3E}.Debug|x64.ActiveCfg = Debug|x64
		{ED3A16D3-3867-4EC3-B2F3-2B7B69472A3E}.Debug|x64.Build.0 = Debug|x64
		{ED3A16D3-3867-4EC3-B2F3-2B7B69472A3E}.Debug|x86.ActiveCfg = Debug|Win32
		{ED3A16D3-3867-4EC3-B2F3-2B7B69472A3E}.Debug|x86.Build.0 = Debug|Win32
		{ED3A16D3-3867-4EC3-B2F3-2B7B69472A3E}.Release|x64.ActiveCfg = Release|x64
		{ED3A16D3-3867-4EC3-B2F3-2B7B69472A3E}.Release|x64.Build.0 = Release|x64
		{ED3A16D3-3867-4EC3-B2F3-2B7B69472A3E}.Release|x86.ActiveCfg = Release|Win32
		{ED3A16D3-3867-4EC3-B2F3-2B7B69472A3E}.Release|x86.Build.0 = Release|Win32
	EndGlobalSection
	GlobalSection(SolutionProperties) = preSolution
		HideSolutionNode = FALSE
	EndGlobalSection
	GlobalSection(ExtensibilityGlobals) = postSolution
		SolutionGuid = {D548436B-4D1F-41BA-AF6E-63F0B071AFBB}
	EndGlobalSection
EndGlobal
